
Microsoft Visual Studio Solution File, Format Version 12.00
# Visual Studio Version 17
VisualStudioVersion = 17.7.34031.279
MinimumVisualStudioVersion = 10.0.40219.1
Project("{FAE04EC0-301F-11D3-BF4B-00C04F79EFBC}") = "AnimalControl_OOP", "AnimalControl_OOP.csproj", "{156D4111-388B-410E-98B3-829BCFDB8221}"
EndProject
Global
	GlobalSection(SolutionConfigurationPlatforms) = preSolution
		Debug|Any CPU = Debug|Any CPU
		Release|Any CPU = Release|Any CPU
	EndGlobalSection
	GlobalSection(ProjectConfigurationPlatforms) = postSolution
		{156D4111-388B-410E-98B3-829BCFDB8221}.Debug|Any CPU.ActiveCfg = Debug|Any CPU
		{156D4111-388B-410E-98B3-829BCFDB8221}.Debug|Any CPU.Build.0 = Debug|Any CPU
		{156D4111-388B-410E-98B3-829BCFDB8221}.Release|Any CPU.ActiveCfg = Release|Any CPU
		{156D4111-388B-410E-98B3-829BCFDB8221}.Release|Any CPU.Build.0 = Release|Any CPU
	EndGlobalSection
	GlobalSection(SolutionProperties) = preSolution
		HideSolutionNode = FALSE
	EndGlobalSection
	GlobalSection(ExtensibilityGlobals) = postSolution
		SolutionGuid = {DE7B404D-EE55-403F-819D-6D3EED17F489}
	EndGlobalSection
EndGlobal
